
Microsoft Visual Studio Solution File, Format Version 12.00
# Visual Studio 15
VisualStudioVersion = 15.0.28307.168
MinimumVisualStudioVersion = 10.0.40219.1
Project("{FAE04EC0-301F-11D3-BF4B-00C04F79EFBC}") = "COMP2614Assign03", "COMP2614Assign03\COMP2614Assign03.csproj", "{515CD3EA-2D03-477F-B791-35090FFB6287}"
EndProject
Global
	GlobalSection(SolutionConfigurationPlatforms) = preSolution
		Debug|Any CPU = Debug|Any CPU
		Release|Any CPU = Release|Any CPU
	EndGlobalSection
	GlobalSection(ProjectConfigurationPlatforms) = postSolution
		{515CD3EA-2D03-477F-B791-35090FFB6287}.Debug|Any CPU.ActiveCfg = Debug|Any CPU
		{515CD3EA-2D03-477F-B791-35090FFB6287}.Debug|Any CPU.Build.0 = Debug|Any CPU
		{515CD3EA-2D03-477F-B791-35090FFB6287}.Release|Any CPU.ActiveCfg = Release|Any CPU
		{515CD3EA-2D03-477F-B791-35090FFB6287}.Release|Any CPU.Build.0 = Release|Any CPU
	EndGlobalSection
	GlobalSection(SolutionProperties) = preSolution
		HideSolutionNode = FALSE
	EndGlobalSection
	GlobalSection(ExtensibilityGlobals) = postSolution
		SolutionGuid = {92CEE080-9047-4080-A9A2-DD325860ECEB}
	EndGlobalSection
EndGlobal
